
Microsoft Visual Studio Solution File, Format Version 12.00
# Visual Studio 2013
VisualStudioVersion = 12.0.30501.0
MinimumVisualStudioVersion = 10.0.40219.1
Project("{FAE04EC0-301F-11D3-BF4B-00C04F79EFBC}") = "MarketingCampaign", "MarketingCampaign\MarketingCampaign.csproj", "{C2A807F8-E1AB-4C23-9C2E-9FD593555B24}"
EndProject
Global
	GlobalSection(SolutionConfigurationPlatforms) = preSolution
		Debug|Any CPU = Debug|Any CPU
		Release|Any CPU = Release|Any CPU
	EndGlobalSection
	GlobalSection(ProjectConfigurationPlatforms) = postSolution
		{C2A807F8-E1AB-4C23-9C2E-9FD593555B24}.Debug|Any CPU.ActiveCfg = Debug|Any CPU
		{C2A807F8-E1AB-4C23-9C2E-9FD593555B24}.Debug|Any CPU.Build.0 = Debug|Any CPU
		{C2A807F8-E1AB-4C23-9C2E-9FD593555B24}.Release|Any CPU.ActiveCfg = Release|Any CPU
		{C2A807F8-E1AB-4C23-9C2E-9FD593555B24}.Release|Any CPU.Build.0 = Release|Any CPU
	EndGlobalSection
	GlobalSection(SolutionProperties) = preSolution
		HideSolutionNode = FALSE
	EndGlobalSection
EndGlobal
